
Microsoft Visual Studio Solution File, Format Version 12.00
# Visual Studio 14
VisualStudioVersion = 14.0.24720.0
MinimumVisualStudioVersion = 10.0.40219.1
Project("{FAE04EC0-301F-11D3-BF4B-00C04F79EFBC}") = "ConsoleApplication1", "ConsoleApplication1\ConsoleApplication1.csproj", "{707636C6-8BA3-4614-8470-5FA0A944009B}"
EndProject
Project("{FAE04EC0-301F-11D3-BF4B-00C04F79EFBC}") = "DataLayer", "DataLayer\DataLayer.csproj", "{9EC7E979-E0BB-42D2-8B12-391CF2D3DCC5}"
EndProject
Project("{FAE04EC0-301F-11D3-BF4B-00C04F79EFBC}") = "AcademyWinForms", "AcademyWinFOrms\AcademyWinForms.csproj", "{C0E82C7A-8035-4B14-9A9D-B4F72D363948}"
EndProject
Project("{FAE04EC0-301F-11D3-BF4B-00C04F79EFBC}") = "DatabaseLayer", "DatabaseLayer\DatabaseLayer.csproj", "{360A78B7-B4BB-4B94-BA74-27FC3A999694}"
EndProject
Project("{FAE04EC0-301F-11D3-BF4B-00C04F79EFBC}") = "DatabaseAdder", "DatabaseAdderLayer\DatabaseAdder.csproj", "{7690BD48-64AD-4904-8A9C-3A81055C716D}"
EndProject
Global
	GlobalSection(SolutionConfigurationPlatforms) = preSolution
		Debug|Any CPU = Debug|Any CPU
		Release|Any CPU = Release|Any CPU
	EndGlobalSection
	GlobalSection(ProjectConfigurationPlatforms) = postSolution
		{707636C6-8BA3-4614-8470-5FA0A944009B}.Debug|Any CPU.ActiveCfg = Debug|Any CPU
		{707636C6-8BA3-4614-8470-5FA0A944009B}.Debug|Any CPU.Build.0 = Debug|Any CPU
		{707636C6-8BA3-4614-8470-5FA0A944009B}.Release|Any CPU.ActiveCfg = Release|Any CPU
		{707636C6-8BA3-4614-8470-5FA0A944009B}.Release|Any CPU.Build.0 = Release|Any CPU
		{9EC7E979-E0BB-42D2-8B12-391CF2D3DCC5}.Debug|Any CPU.ActiveCfg = Debug|Any CPU
		{9EC7E979-E0BB-42D2-8B12-391CF2D3DCC5}.Debug|Any CPU.Build.0 = Debug|Any CPU
		{9EC7E979-E0BB-42D2-8B12-391CF2D3DCC5}.Release|Any CPU.ActiveCfg = Release|Any CPU
		{9EC7E979-E0BB-42D2-8B12-391CF2D3DCC5}.Release|Any CPU.Build.0 = Release|Any CPU
		{C0E82C7A-8035-4B14-9A9D-B4F72D363948}.Debug|Any CPU.ActiveCfg = Debug|Any CPU
		{C0E82C7A-8035-4B14-9A9D-B4F72D363948}.Debug|Any CPU.Build.0 = Debug|Any CPU
		{C0E82C7A-8035-4B14-9A9D-B4F72D363948}.Release|Any CPU.ActiveCfg = Release|Any CPU
		{C0E82C7A-8035-4B14-9A9D-B4F72D363948}.Release|Any CPU.Build.0 = Release|Any CPU
		{360A78B7-B4BB-4B94-BA74-27FC3A999694}.Debug|Any CPU.ActiveCfg = Debug|Any CPU
		{360A78B7-B4BB-4B94-BA74-27FC3A999694}.Debug|Any CPU.Build.0 = Debug|Any CPU
		{360A78B7-B4BB-4B94-BA74-27FC3A999694}.Release|Any CPU.ActiveCfg = Release|Any CPU
		{360A78B7-B4BB-4B94-BA74-27FC3A999694}.Release|Any CPU.Build.0 = Release|Any CPU
		{7690BD48-64AD-4904-8A9C-3A81055C716D}.Debug|Any CPU.ActiveCfg = Debug|Any CPU
		{7690BD48-64AD-4904-8A9C-3A81055C716D}.Debug|Any CPU.Build.0 = Debug|Any CPU
		{7690BD48-64AD-4904-8A9C-3A81055C716D}.Release|Any CPU.ActiveCfg = Release|Any CPU
		{7690BD48-64AD-4904-8A9C-3A81055C716D}.Release|Any CPU.Build.0 = Release|Any CPU
	EndGlobalSection
	GlobalSection(SolutionProperties) = preSolution
		HideSolutionNode = FALSE
	EndGlobalSection
EndGlobal
